
Microsoft Visual Studio Solution File, Format Version 12.00
# Visual Studio Version 16
VisualStudioVersion = 16.0.30907.101
MinimumVisualStudioVersion = 10.0.40219.1
Project("{FAE04EC0-301F-11D3-BF4B-00C04F79EFBC}") = "Lesson6_practice", "Lesson6_practice.csproj", "{7C279563-501A-4E25-91D7-78CB160F56CD}"
EndProject
Global
	GlobalSection(SolutionConfigurationPlatforms) = preSolution
		Debug|Any CPU = Debug|Any CPU
		Release|Any CPU = Release|Any CPU
	EndGlobalSection
	GlobalSection(ProjectConfigurationPlatforms) = postSolution
		{7C279563-501A-4E25-91D7-78CB160F56CD}.Debug|Any CPU.ActiveCfg = Debug|Any CPU
		{7C279563-501A-4E25-91D7-78CB160F56CD}.Debug|Any CPU.Build.0 = Debug|Any CPU
		{7C279563-501A-4E25-91D7-78CB160F56CD}.Release|Any CPU.ActiveCfg = Release|Any CPU
		{7C279563-501A-4E25-91D7-78CB160F56CD}.Release|Any CPU.Build.0 = Release|Any CPU
	EndGlobalSection
	GlobalSection(SolutionProperties) = preSolution
		HideSolutionNode = FALSE
	EndGlobalSection
	GlobalSection(ExtensibilityGlobals) = postSolution
		SolutionGuid = {3E5BC29B-48A0-4C30-A929-8BDCD07986AB}
	EndGlobalSection
EndGlobal
