
Microsoft Visual Studio Solution File, Format Version 12.00
# Visual Studio Version 16
VisualStudioVersion = 16.0.30907.101
MinimumVisualStudioVersion = 10.0.40219.1
Project("{9A19103F-16F7-4668-BE54-9A1E7A4F7556}") = "Lesson2_practice", "Lesson2_practice\Lesson2_practice.csproj", "{6BC5E02E-CECC-48E9-B420-850BFFDA22F1}"
EndProject
Project("{9A19103F-16F7-4668-BE54-9A1E7A4F7556}") = "Practice3", "Practice3\Practice3.csproj", "{5A678DEB-FB67-4AF8-A92B-C94D414CC34A}"
EndProject
Project("{9A19103F-16F7-4668-BE54-9A1E7A4F7556}") = "Practice6", "Practice6\Practice6.csproj", "{4EEF53E8-B721-42FB-9E72-D75A914CC02C}"
EndProject
Project("{FAE04EC0-301F-11D3-BF4B-00C04F79EFBC}") = "Practice4", "Practice4\Practice4.csproj", "{A21C6251-3E90-4BEE-AA62-13BBB9C9C85C}"
EndProject
Project("{FAE04EC0-301F-11D3-BF4B-00C04F79EFBC}") = "additionalPractice", "additionalPractice\additionalPractice.csproj", "{EF1FCFE3-A713-4D38-8DEA-AB7C6E1AA27A}"
EndProject
Global
	GlobalSection(SolutionConfigurationPlatforms) = preSolution
		Debug|Any CPU = Debug|Any CPU
		Release|Any CPU = Release|Any CPU
	EndGlobalSection
	GlobalSection(ProjectConfigurationPlatforms) = postSolution
		{6BC5E02E-CECC-48E9-B420-850BFFDA22F1}.Debug|Any CPU.ActiveCfg = Debug|Any CPU
		{6BC5E02E-CECC-48E9-B420-850BFFDA22F1}.Debug|Any CPU.Build.0 = Debug|Any CPU
		{6BC5E02E-CECC-48E9-B420-850BFFDA22F1}.Release|Any CPU.ActiveCfg = Release|Any CPU
		{6BC5E02E-CECC-48E9-B420-850BFFDA22F1}.Release|Any CPU.Build.0 = Release|Any CPU
		{5A678DEB-FB67-4AF8-A92B-C94D414CC34A}.Debug|Any CPU.ActiveCfg = Debug|Any CPU
		{5A678DEB-FB67-4AF8-A92B-C94D414CC34A}.Debug|Any CPU.Build.0 = Debug|Any CPU
		{5A678DEB-FB67-4AF8-A92B-C94D414CC34A}.Release|Any CPU.ActiveCfg = Release|Any CPU
		{5A678DEB-FB67-4AF8-A92B-C94D414CC34A}.Release|Any CPU.Build.0 = Release|Any CPU
		{4EEF53E8-B721-42FB-9E72-D75A914CC02C}.Debug|Any CPU.ActiveCfg = Debug|Any CPU
		{4EEF53E8-B721-42FB-9E72-D75A914CC02C}.Debug|Any CPU.Build.0 = Debug|Any CPU
		{4EEF53E8-B721-42FB-9E72-D75A914CC02C}.Release|Any CPU.ActiveCfg = Release|Any CPU
		{4EEF53E8-B721-42FB-9E72-D75A914CC02C}.Release|Any CPU.Build.0 = Release|Any CPU
		{A21C6251-3E90-4BEE-AA62-13BBB9C9C85C}.Debug|Any CPU.ActiveCfg = Debug|Any CPU
		{A21C6251-3E90-4BEE-AA62-13BBB9C9C85C}.Debug|Any CPU.Build.0 = Debug|Any CPU
		{A21C6251-3E90-4BEE-AA62-13BBB9C9C85C}.Release|Any CPU.ActiveCfg = Release|Any CPU
		{A21C6251-3E90-4BEE-AA62-13BBB9C9C85C}.Release|Any CPU.Build.0 = Release|Any CPU
		{EF1FCFE3-A713-4D38-8DEA-AB7C6E1AA27A}.Debug|Any CPU.ActiveCfg = Debug|Any CPU
		{EF1FCFE3-A713-4D38-8DEA-AB7C6E1AA27A}.Debug|Any CPU.Build.0 = Debug|Any CPU
		{EF1FCFE3-A713-4D38-8DEA-AB7C6E1AA27A}.Release|Any CPU.ActiveCfg = Release|Any CPU
		{EF1FCFE3-A713-4D38-8DEA-AB7C6E1AA27A}.Release|Any CPU.Build.0 = Release|Any CPU
	EndGlobalSection
	GlobalSection(SolutionProperties) = preSolution
		HideSolutionNode = FALSE
	EndGlobalSection
	GlobalSection(ExtensibilityGlobals) = postSolution
		SolutionGuid = {FDBD1B31-F29D-4577-A10B-258A6C019678}
	EndGlobalSection
EndGlobal
